
Microsoft Visual Studio Solution File, Format Version 12.00
# Visual Studio Version 17
VisualStudioVersion = 17.6.33723.286
MinimumVisualStudioVersion = 10.0.40219.1
Project("{9A19103F-16F7-4668-BE54-9A1E7A4F7556}") = "EZRecipes", "EZRecipes\EZRecipes.csproj", "{14E25361-FC08-4A0A-93A6-A6FE67C7C4C9}"
EndProject
Project("{FAE04EC0-301F-11D3-BF4B-00C04F79EFBC}") = "EZRecipeV2", "EZRecipeV2\EZRecipeV2.csproj", "{55E29224-CB89-4012-9597-C0D5C795E2B0}"
EndProject
Project("{FAE04EC0-301F-11D3-BF4B-00C04F79EFBC}") = "Common", "Common\Common.csproj", "{EC42E575-B219-4988-8693-63838BAEA662}"
EndProject
Global
	GlobalSection(SolutionConfigurationPlatforms) = preSolution
		Debug|Any CPU = Debug|Any CPU
		Release|Any CPU = Release|Any CPU
	EndGlobalSection
	GlobalSection(ProjectConfigurationPlatforms) = postSolution
		{14E25361-FC08-4A0A-93A6-A6FE67C7C4C9}.Debug|Any CPU.ActiveCfg = Debug|Any CPU
		{14E25361-FC08-4A0A-93A6-A6FE67C7C4C9}.Debug|Any CPU.Build.0 = Debug|Any CPU
		{14E25361-FC08-4A0A-93A6-A6FE67C7C4C9}.Release|Any CPU.ActiveCfg = Release|Any CPU
		{14E25361-FC08-4A0A-93A6-A6FE67C7C4C9}.Release|Any CPU.Build.0 = Release|Any CPU
		{55E29224-CB89-4012-9597-C0D5C795E2B0}.Debug|Any CPU.ActiveCfg = Debug|Any CPU
		{55E29224-CB89-4012-9597-C0D5C795E2B0}.Debug|Any CPU.Build.0 = Debug|Any CPU
		{55E29224-CB89-4012-9597-C0D5C795E2B0}.Release|Any CPU.ActiveCfg = Release|Any CPU
		{55E29224-CB89-4012-9597-C0D5C795E2B0}.Release|Any CPU.Build.0 = Release|Any CPU
		{EC42E575-B219-4988-8693-63838BAEA662}.Debug|Any CPU.ActiveCfg = Debug|Any CPU
		{EC42E575-B219-4988-8693-63838BAEA662}.Debug|Any CPU.Build.0 = Debug|Any CPU
		{EC42E575-B219-4988-8693-63838BAEA662}.Release|Any CPU.ActiveCfg = Release|Any CPU
		{EC42E575-B219-4988-8693-63838BAEA662}.Release|Any CPU.Build.0 = Release|Any CPU
	EndGlobalSection
	GlobalSection(SolutionProperties) = preSolution
		HideSolutionNode = FALSE
	EndGlobalSection
	GlobalSection(ExtensibilityGlobals) = postSolution
		SolutionGuid = {B3520AA1-465D-45FD-BE42-E53FFD27EFF9}
	EndGlobalSection
EndGlobal
